
Microsoft Visual Studio Solution File, Format Version 12.00
# Visual Studio Version 17
VisualStudioVersion = 17.5.002.0
MinimumVisualStudioVersion = 10.0.40219.1
Project("{9A19103F-16F7-4668-BE54-9A1E7A4F7556}") = "ProjectName", "ProjectName\ProjectName.csproj", "{8FD78B23-A153-4DE4-B5FC-2609ABE90103}"
EndProject
Global
	GlobalSection(SolutionConfigurationPlatforms) = preSolution
		Debug|Any CPU = Debug|Any CPU
		Release|Any CPU = Release|Any CPU
	EndGlobalSection
	GlobalSection(ProjectConfigurationPlatforms) = postSolution
		{8FD78B23-A153-4DE4-B5FC-2609ABE90103}.Debug|Any CPU.ActiveCfg = Debug|Any CPU
		{8FD78B23-A153-4DE4-B5FC-2609ABE90103}.Debug|Any CPU.Build.0 = Debug|Any CPU
		{8FD78B23-A153-4DE4-B5FC-2609ABE90103}.Release|Any CPU.ActiveCfg = Release|Any CPU
		{8FD78B23-A153-4DE4-B5FC-2609ABE90103}.Release|Any CPU.Build.0 = Release|Any CPU
	EndGlobalSection
	GlobalSection(SolutionProperties) = preSolution
		HideSolutionNode = FALSE
	EndGlobalSection
	GlobalSection(ExtensibilityGlobals) = postSolution
		SolutionGuid = {7B5E8BEA-817B-41A1-A1F6-555FC978EDD3}
	EndGlobalSection
EndGlobal
